
Microsoft Visual Studio Solution File, Format Version 12.00
# Visual Studio Version 17
VisualStudioVersion = 17.7.34302.85
MinimumVisualStudioVersion = 10.0.40219.1
Project("{8BC9CEB8-8B4A-11D0-8D11-00A0C91BC942}") = "RayTracer", "Source\RayTracer\RayTracer.vcxproj", "{C9235AD1-5101-4C5A-AE5B-EFB16E920429}"
EndProject
Global
	GlobalSection(SolutionConfigurationPlatforms) = preSolution
		Debug|x64 = Debug|x64
		Debug|x86 = Debug|x86
		Release|x64 = Release|x64
		Release|x86 = Release|x86
	EndGlobalSection
	GlobalSection(ProjectConfigurationPlatforms) = postSolution
		{C9235AD1-5101-4C5A-AE5B-EFB16E920429}.Debug|x64.ActiveCfg = Debug|x64
		{C9235AD1-5101-4C5A-AE5B-EFB16E920429}.Debug|x64.Build.0 = Debug|x64
		{C9235AD1-5101-4C5A-AE5B-EFB16E920429}.Debug|x86.ActiveCfg = Debug|Win32
		{C9235AD1-5101-4C5A-AE5B-EFB16E920429}.Debug|x86.Build.0 = Debug|Win32
		{C9235AD1-5101-4C5A-AE5B-EFB16E920429}.Release|x64.ActiveCfg = Release|x64
		{C9235AD1-5101-4C5A-AE5B-EFB16E920429}.Release|x64.Build.0 = Release|x64
		{C9235AD1-5101-4C5A-AE5B-EFB16E920429}.Release|x86.ActiveCfg = Release|Win32
		{C9235AD1-5101-4C5A-AE5B-EFB16E920429}.Release|x86.Build.0 = Release|Win32
	EndGlobalSection
	GlobalSection(SolutionProperties) = preSolution
		HideSolutionNode = FALSE
	EndGlobalSection
	GlobalSection(ExtensibilityGlobals) = postSolution
		SolutionGuid = {EF6563AF-9254-4505-9F3A-8BD0C059E906}
	EndGlobalSection
EndGlobal
